// !$*UTF8*$!
{
	archiveVersion = 1;
	classes = {
	};
	objectVersion = 46;
	objects = {

/* Begin PBXBuildFile section */
		8551B55F1E7560FF00D70631 /* PlayerListViewController.swift in Sources */ = {isa = PBXBuildFile; fileRef = 8551B55E1E7560FF00D70631 /* PlayerListViewController.swift */; };
		8551B5651E75720200D70631 /* PlayerDetailViewController.swift in Sources */ = {isa = PBXBuildFile; fileRef = 8551B5641E75720200D70631 /* PlayerDetailViewController.swift */; };
		8551B5671E75727100D70631 /* FavoriteListViewController.swift in Sources */ = {isa = PBXBuildFile; fileRef = 8551B5661E75727100D70631 /* FavoriteListViewController.swift */; };
		8551B56A1E7595E100D70631 /* PlayerListViewCell.swift in Sources */ = {isa = PBXBuildFile; fileRef = 8551B5681E7595E100D70631 /* PlayerListViewCell.swift */; };
		8551B56F1E759F3100D70631 /* PlayerListViewCell.xib in Resources */ = {isa = PBXBuildFile; fileRef = 8551B56E1E759F3100D70631 /* PlayerListViewCell.xib */; };
		8551B5721E75BB1D00D70631 /* DBUtil.swift in Sources */ = {isa = PBXBuildFile; fileRef = 8551B5711E75BB1D00D70631 /* DBUtil.swift */; };
		85C8C4171E753BF2005FFE99 /* AppDelegate.swift in Sources */ = {isa = PBXBuildFile; fileRef = 85C8C4161E753BF2005FFE99 /* AppDelegate.swift */; };
		85C8C41C1E753BF2005FFE99 /* Main.storyboard in Resources */ = {isa = PBXBuildFile; fileRef = 85C8C41A1E753BF2005FFE99 /* Main.storyboard */; settings = {ASSET_TAGS = (FavoriteListViewController, ); }; };
		85C8C41F1E753BF2005FFE99 /* GyanMatrix.xcdatamodeld in Sources */ = {isa = PBXBuildFile; fileRef = 85C8C41D1E753BF2005FFE99 /* GyanMatrix.xcdatamodeld */; };
		85C8C4211E753BF2005FFE99 /* Assets.xcassets in Resources */ = {isa = PBXBuildFile; fileRef = 85C8C4201E753BF2005FFE99 /* Assets.xcassets */; };
		85C8C4241E753BF2005FFE99 /* LaunchScreen.storyboard in Resources */ = {isa = PBXBuildFile; fileRef = 85C8C4221E753BF2005FFE99 /* LaunchScreen.storyboard */; };
		85C8C42D1E753F57005FFE99 /* Player.swift in Sources */ = {isa = PBXBuildFile; fileRef = 85C8C42C1E753F57005FFE99 /* Player.swift */; };
/* End PBXBuildFile section */

/* Begin PBXFileReference section */
		8551B55E1E7560FF00D70631 /* PlayerListViewController.swift */ = {isa = PBXFileReference; fileEncoding = 4; lastKnownFileType = sourcecode.swift; path = PlayerListViewController.swift; sourceTree = "<group>"; };
		8551B5641E75720200D70631 /* PlayerDetailViewController.swift */ = {isa = PBXFileReference; fileEncoding = 4; lastKnownFileType = sourcecode.swift; path = PlayerDetailViewController.swift; sourceTree = "<group>"; };
		8551B5661E75727100D70631 /* FavoriteListViewController.swift */ = {isa = PBXFileReference; fileEncoding = 4; lastKnownFileType = sourcecode.swift; path = FavoriteListViewController.swift; sourceTree = "<group>"; };
		8551B5681E7595E100D70631 /* PlayerListViewCell.swift */ = {isa = PBXFileReference; fileEncoding = 4; lastKnownFileType = sourcecode.swift; path = PlayerListViewCell.swift; sourceTree = "<group>"; };
		8551B56E1E759F3100D70631 /* PlayerListViewCell.xib */ = {isa = PBXFileReference; fileEncoding = 4; lastKnownFileType = file.xib; path = PlayerListViewCell.xib; sourceTree = "<group>"; };
		8551B5711E75BB1D00D70631 /* DBUtil.swift */ = {isa = PBXFileReference; fileEncoding = 4; lastKnownFileType = sourcecode.swift; path = DBUtil.swift; sourceTree = "<group>"; };
		85C8C4131E753BF2005FFE99 /* GyanMatrix.app */ = {isa = PBXFileReference; explicitFileType = wrapper.application; includeInIndex = 0; path = GyanMatrix.app; sourceTree = BUILT_PRODUCTS_DIR; };
		85C8C4161E753BF2005FFE99 /* AppDelegate.swift */ = {isa = PBXFileReference; lastKnownFileType = sourcecode.swift; path = AppDelegate.swift; sourceTree = "<group>"; };
		85C8C41B1E753BF2005FFE99 /* Base */ = {isa = PBXFileReference; lastKnownFileType = file.storyboard; name = Base; path = Base.lproj/Main.storyboard; sourceTree = "<group>"; };
		85C8C41E1E753BF2005FFE99 /* GyanMatrix.xcdatamodel */ = {isa = PBXFileReference; lastKnownFileType = wrapper.xcdatamodel; path = GyanMatrix.xcdatamodel; sourceTree = "<group>"; };
		85C8C4201E753BF2005FFE99 /* Assets.xcassets */ = {isa = PBXFileReference; lastKnownFileType = folder.assetcatalog; path = Assets.xcassets; sourceTree = "<group>"; };
		85C8C4231E753BF2005FFE99 /* Base */ = {isa = PBXFileReference; lastKnownFileType = file.storyboard; name = Base; path = Base.lproj/LaunchScreen.storyboard; sourceTree = "<group>"; };
		85C8C4251E753BF2005FFE99 /* Info.plist */ = {isa = PBXFileReference; lastKnownFileType = text.plist.xml; path = Info.plist; sourceTree = "<group>"; };
		85C8C42C1E753F57005FFE99 /* Player.swift */ = {isa = PBXFileReference; fileEncoding = 4; lastKnownFileType = sourcecode.swift; path = Player.swift; sourceTree = "<group>"; };
/* End PBXFileReference section */

/* Begin PBXFrameworksBuildPhase section */
		85C8C4101E753BF2005FFE99 /* Frameworks */ = {
			isa = PBXFrameworksBuildPhase;
			buildActionMask = 2147483647;
			files = (
			);
			runOnlyForDeploymentPostprocessing = 0;
		};
/* End PBXFrameworksBuildPhase section */

/* Begin PBXGroup section */
		8551B55D1E7560D500D70631 /* Views */ = {
			isa = PBXGroup;
			children = (
				8551B55E1E7560FF00D70631 /* PlayerListViewController.swift */,
				8551B5641E75720200D70631 /* PlayerDetailViewController.swift */,
				8551B5661E75727100D70631 /* FavoriteListViewController.swift */,
				8551B5681E7595E100D70631 /* PlayerListViewCell.swift */,
				8551B56E1E759F3100D70631 /* PlayerListViewCell.xib */,
			);
			path = Views;
			sourceTree = "<group>";
		};
		8551B5701E75BB0A00D70631 /* Util */ = {
			isa = PBXGroup;
			children = (
				8551B5711E75BB1D00D70631 /* DBUtil.swift */,
			);
			path = Util;
			sourceTree = "<group>";
		};
		85C8C40A1E753BF2005FFE99 = {
			isa = PBXGroup;
			children = (
				85C8C4151E753BF2005FFE99 /* GyanMatrix */,
				85C8C4141E753BF2005FFE99 /* Products */,
			);
			sourceTree = "<group>";
		};
		85C8C4141E753BF2005FFE99 /* Products */ = {
			isa = PBXGroup;
			children = (
				85C8C4131E753BF2005FFE99 /* GyanMatrix.app */,
			);
			name = Products;
			sourceTree = "<group>";
		};
		85C8C4151E753BF2005FFE99 /* GyanMatrix */ = {
			isa = PBXGroup;
			children = (
				8551B5701E75BB0A00D70631 /* Util */,
				8551B55D1E7560D500D70631 /* Views */,
				85C8C42B1E753F3A005FFE99 /* Models */,
				85C8C4161E753BF2005FFE99 /* AppDelegate.swift */,
				85C8C41A1E753BF2005FFE99 /* Main.storyboard */,
				85C8C4201E753BF2005FFE99 /* Assets.xcassets */,
				85C8C4221E753BF2005FFE99 /* LaunchScreen.storyboard */,
				85C8C4251E753BF2005FFE99 /* Info.plist */,
				85C8C41D1E753BF2005FFE99 /* GyanMatrix.xcdatamodeld */,
			);
			path = GyanMatrix;
			sourceTree = "<group>";
		};
		85C8C42B1E753F3A005FFE99 /* Models */ = {
			isa = PBXGroup;
			children = (
				85C8C42C1E753F57005FFE99 /* Player.swift */,
			);
			path = Models;
			sourceTree = "<group>";
		};
/* End PBXGroup section */

/* Begin PBXNativeTarget section */
		85C8C4121E753BF2005FFE99 /* GyanMatrix */ = {
			isa = PBXNativeTarget;
			buildConfigurationList = 85C8C4281E753BF2005FFE99 /* Build configuration list for PBXNativeTarget "GyanMatrix" */;
			buildPhases = (
				85C8C40F1E753BF2005FFE99 /* Sources */,
				85C8C4101E753BF2005FFE99 /* Frameworks */,
				85C8C4111E753BF2005FFE99 /* Resources */,
			);
			buildRules = (
			);
			dependencies = (
			);
			name = GyanMatrix;
			productName = GyanMatrix;
			productReference = 85C8C4131E753BF2005FFE99 /* GyanMatrix.app */;
			productType = "com.apple.product-type.application";
		};
/* End PBXNativeTarget section */

/* Begin PBXProject section */
		85C8C40B1E753BF2005FFE99 /* Project object */ = {
			isa = PBXProject;
			attributes = {
				KnownAssetTags = (
					FavoriteListViewController,
					instantiateViewController,
				);
				LastSwiftUpdateCheck = 0830;
				LastUpgradeCheck = 0830;
				ORGANIZATIONNAME = "Sushant kumar";
				TargetAttributes = {
					85C8C4121E753BF2005FFE99 = {
						CreatedOnToolsVersion = 8.3;
						DevelopmentTeam = XL3DT9SM2L;
						ProvisioningStyle = Automatic;
					};
				};
			};
			buildConfigurationList = 85C8C40E1E753BF2005FFE99 /* Build configuration list for PBXProject "GyanMatrix" */;
			compatibilityVersion = "Xcode 3.2";
			developmentRegion = English;
			hasScannedForEncodings = 0;
			knownRegions = (
				en,
				Base,
			);
			mainGroup = 85C8C40A1E753BF2005FFE99;
			productRefGroup = 85C8C4141E753BF2005FFE99 /* Products */;
			projectDirPath = "";
			projectRoot = "";
			targets = (
				85C8C4121E753BF2005FFE99 /* GyanMatrix */,
			);
		};
/* End PBXProject section */

/* Begin PBXResourcesBuildPhase section */
		85C8C4111E753BF2005FFE99 /* Resources */ = {
			isa = PBXResourcesBuildPhase;
			buildActionMask = 2147483647;
			files = (
				85C8C4241E753BF2005FFE99 /* LaunchScreen.storyboard in Resources */,
				85C8C4211E753BF2005FFE99 /* Assets.xcassets in Resources */,
				85C8C41C1E753BF2005FFE99 /* Main.storyboard in Resources */,
				8551B56F1E759F3100D70631 /* PlayerListViewCell.xib in Resources */,
			);
			runOnlyForDeploymentPostprocessing = 0;
		};
/* End PBXResourcesBuildPhase section */

/* Begin PBXSourcesBuildPhase section */
		85C8C40F1E753BF2005FFE99 /* Sources */ = {
			isa = PBXSourcesBuildPhase;
			buildActionMask = 2147483647;
			files = (
				8551B56A1E7595E100D70631 /* PlayerListViewCell.swift in Sources */,
				85C8C42D1E753F57005FFE99 /* Player.swift in Sources */,
				85C8C41F1E753BF2005FFE99 /* GyanMatrix.xcdatamodeld in Sources */,
				8551B5721E75BB1D00D70631 /* DBUtil.swift in Sources */,
				8551B5671E75727100D70631 /* FavoriteListViewController.swift in Sources */,
				8551B55F1E7560FF00D70631 /* PlayerListViewController.swift in Sources */,
				8551B5651E75720200D70631 /* PlayerDetailViewController.swift in Sources */,
				85C8C4171E753BF2005FFE99 /* AppDelegate.swift in Sources */,
			);
			runOnlyForDeploymentPostprocessing = 0;
		};
/* End PBXSourcesBuildPhase section */

/* Begin PBXVariantGroup section */
		85C8C41A1E753BF2005FFE99 /* Main.storyboard */ = {
			isa = PBXVariantGroup;
			children = (
				85C8C41B1E753BF2005FFE99 /* Base */,
			);
			name = Main.storyboard;
			sourceTree = "<group>";
		};
		85C8C4221E753BF2005FFE99 /* LaunchScreen.storyboard */ = {
			isa = PBXVariantGroup;
			children = (
				85C8C4231E753BF2005FFE99 /* Base */,
			);
			name = LaunchScreen.storyboard;
			sourceTree = "<group>";
		};
/* End PBXVariantGroup section */

/* Begin XCBuildConfiguration section */
		85C8C4261E753BF2005FFE99 /* Debug */ = {
			isa = XCBuildConfiguration;
			buildSettings = {
				ALWAYS_SEARCH_USER_PATHS = NO;
				CLANG_ANALYZER_NONNULL = YES;
				CLANG_ANALYZER_NUMBER_OBJECT_CONVERSION = YES_AGGRESSIVE;
				CLANG_CXX_LANGUAGE_STANDARD = "gnu++0x";
				CLANG_CXX_LIBRARY = "libc++";
				CLANG_ENABLE_MODULES = YES;
				CLANG_ENABLE_OBJC_ARC = YES;
				CLANG_WARN_BOOL_CONVERSION = YES;
				CLANG_WARN_CONSTANT_CONVERSION = YES;
				CLANG_WARN_DIRECT_OBJC_ISA_USAGE = YES_ERROR;
				CLANG_WARN_DOCUMENTATION_COMMENTS = YES;
				CLANG_WARN_EMPTY_BODY = YES;
				CLANG_WARN_ENUM_CONVERSION = YES;
				CLANG_WARN_INFINITE_RECURSION = YES;
				CLANG_WARN_INT_CONVERSION = YES;
				CLANG_WARN_OBJC_ROOT_CLASS = YES_ERROR;
				CLANG_WARN_SUSPICIOUS_MOVE = YES;
				CLANG_WARN_UNREACHABLE_CODE = YES;
				CLANG_WARN__DUPLICATE_METHOD_MATCH = YES;
				"CODE_SIGN_IDENTITY[sdk=iphoneos*]" = "iPhone Developer";
				COPY_PHASE_STRIP = NO;
				DEBUG_INFORMATION_FORMAT = dwarf;
				ENABLE_STRICT_OBJC_MSGSEND = YES;
				ENABLE_TESTABILITY = YES;
				GCC_C_LANGUAGE_STANDARD = gnu99;
				GCC_DYNAMIC_NO_PIC = NO;
				GCC_NO_COMMON_BLOCKS = YES;
				GCC_OPTIMIZATION_LEVEL = 0;
				GCC_PREPROCESSOR_DEFINITIONS = (
					"DEBUG=1",
					"$(inherited)",
				);
				GCC_WARN_64_TO_32_BIT_CONVERSION = YES;
				GCC_WARN_ABOUT_RETURN_TYPE = YES_ERROR;
				GCC_WARN_UNDECLARED_SELECTOR = YES;
				GCC_WARN_UNINITIALIZED_AUTOS = YES_AGGRESSIVE;
				GCC_WARN_UNUSED_FUNCTION = YES;
				GCC_WARN_UNUSED_VARIABLE = YES;
				IPHONEOS_DEPLOYMENT_TARGET = 10.3;
				MTL_ENABLE_DEBUG_INFO = YES;
				ONLY_ACTIVE_ARCH = YES;
				SDKROOT = iphoneos;
				SWIFT_ACTIVE_COMPILATION_CONDITIONS = DEBUG;
				SWIFT_OPTIMIZATION_LEVEL = "-Onone";
				TARGETED_DEVICE_FAMILY = "1,2";
			};
			name = Debug;
		};
		85C8C4271E753BF2005FFE99 /* Release */ = {
			isa = XCBuildConfiguration;
			buildSettings = {
				ALWAYS_SEARCH_USER_PATHS = NO;
				CLANG_ANALYZER_NONNULL = YES;
				CLANG_ANALYZER_NUMBER_OBJECT_CONVERSION = YES_AGGRESSIVE;
				CLANG_CXX_LANGUAGE_STANDARD = "gnu++0x";
				CLANG_CXX_LIBRARY = "libc++";
				CLANG_ENABLE_MODULES = YES;
				CLANG_ENABLE_OBJC_ARC = YES;
				CLANG_WARN_BOOL_CONVERSION = YES;
				CLANG_WARN_CONSTANT_CONVERSION = YES;
				CLANG_WARN_DIRECT_OBJC_ISA_USAGE = YES_ERROR;
				CLANG_WARN_DOCUMENTATION_COMMENTS = YES;
				CLANG_WARN_EMPTY_BODY = YES;
				CLANG_WARN_ENUM_CONVERSION = YES;
				CLANG_WARN_INFINITE_RECURSION = YES;
				CLANG_WARN_INT_CONVERSION = YES;
				CLANG_WARN_OBJC_ROOT_CLASS = YES_ERROR;
				CLANG_WARN_SUSPICIOUS_MOVE = YES;
				CLANG_WARN_UNREACHABLE_CODE = YES;
				CLANG_WARN__DUPLICATE_METHOD_MATCH = YES;
				"CODE_SIGN_IDENTITY[sdk=iphoneos*]" = "iPhone Developer";
				COPY_PHASE_STRIP = NO;
				DEBUG_INFORMATION_FORMAT = "dwarf-with-dsym";
				ENABLE_NS_ASSERTIONS = NO;
				ENABLE_STRICT_OBJC_MSGSEND = YES;
				GCC_C_LANGUAGE_STANDARD = gnu99;
				GCC_NO_COMMON_BLOCKS = YES;
				GCC_WARN_64_TO_32_BIT_CONVERSION = YES;
				GCC_WARN_ABOUT_RETURN_TYPE = YES_ERROR;
				GCC_WARN_UNDECLARED_SELECTOR = YES;
				GCC_WARN_UNINITIALIZED_AUTOS = YES_AGGRESSIVE;
				GCC_WARN_UNUSED_FUNCTION = YES;
				GCC_WARN_UNUSED_VARIABLE = YES;
				IPHONEOS_DEPLOYMENT_TARGET = 10.3;
				MTL_ENABLE_DEBUG_INFO = NO;
				SDKROOT = iphoneos;
				SWIFT_OPTIMIZATION_LEVEL = "-Owholemodule";
				TARGETED_DEVICE_FAMILY = "1,2";
				VALIDATE_PRODUCT = YES;
			};
			name = Release;
		};
		85C8C4291E753BF2005FFE99 /* Debug */ = {
			isa = XCBuildConfiguration;
			buildSettings = {
				ASSETCATALOG_COMPILER_APPICON_NAME = AppIcon;
				DEVELOPMENT_TEAM = XL3DT9SM2L;
				INFOPLIST_FILE = GyanMatrix/Info.plist;
				LD_RUNPATH_SEARCH_PATHS = "$(inherited) @executable_path/Frameworks";
				PRODUCT_BUNDLE_IDENTIFIER = com.test.GyanMatrix;
				PRODUCT_NAME = "$(TARGET_NAME)";
				SWIFT_VERSION = 3.0;
			};
			name = Debug;
		};
		85C8C42A1E753BF2005FFE99 /* Release */ = {
			isa = XCBuildConfiguration;
			buildSettings = {
				ASSETCATALOG_COMPILER_APPICON_NAME = AppIcon;
				DEVELOPMENT_TEAM = XL3DT9SM2L;
				INFOPLIST_FILE = GyanMatrix/Info.plist;
				LD_RUNPATH_SEARCH_PATHS = "$(inherited) @executable_path/Frameworks";
				PRODUCT_BUNDLE_IDENTIFIER = com.test.GyanMatrix;
				PRODUCT_NAME = "$(TARGET_NAME)";
				SWIFT_VERSION = 3.0;
			};
			name = Release;
		};
/* End XCBuildConfiguration section */

/* Begin XCConfigurationList section */
		85C8C40E1E753BF2005FFE99 /* Build configuration list for PBXProject "GyanMatrix" */ = {
			isa = XCConfigurationList;
			buildConfigurations = (
				85C8C4261E753BF2005FFE99 /* Debug */,
				85C8C4271E753BF2005FFE99 /* Release */,
			);
			defaultConfigurationIsVisible = 0;
			defaultConfigurationName = Release;
		};
		85C8C4281E753BF2005FFE99 /* Build configuration list for PBXNativeTarget "GyanMatrix" */ = {
			isa = XCConfigurationList;
			buildConfigurations = (
				85C8C4291E753BF2005FFE99 /* Debug */,
				85C8C42A1E753BF2005FFE99 /* Release */,
			);
			defaultConfigurationIsVisible = 0;
			defaultConfigurationName = Release;
		};
/* End XCConfigurationList section */

/* Begin XCVersionGroup section */
		85C8C41D1E753BF2005FFE99 /* GyanMatrix.xcdatamodeld */ = {
			isa = XCVersionGroup;
			children = (
				85C8C41E1E753BF2005FFE99 /* GyanMatrix.xcdatamodel */,
			);
			currentVersion = 85C8C41E1E753BF2005FFE99 /* GyanMatrix.xcdatamodel */;
			path = GyanMatrix.xcdatamodeld;
			sourceTree = "<group>";
			versionGroupType = wrapper.xcdatamodel;
		};
/* End XCVersionGroup section */
	};
	rootObject = 85C8C40B1E753BF2005FFE99 /* Project object */;
}
